
Microsoft Visual Studio Solution File, Format Version 12.00
# Visual Studio Version 17
VisualStudioVersion = 17.14.36301.6 d17.14
MinimumVisualStudioVersion = 10.0.40219.1
Project("{FAE04EC0-301F-11D3-BF4B-00C04F79EFBC}") = "Forgotten-OOP", "Forgotten-OOP.csproj", "{72A8DC23-8CDC-4BE2-9731-0192C3E9144B}"
EndProject
Global
	GlobalSection(SolutionConfigurationPlatforms) = preSolution
		Debug|Any CPU = Debug|Any CPU
		Release|Any CPU = Release|Any CPU
	EndGlobalSection
	GlobalSection(ProjectConfigurationPlatforms) = postSolution
		{72A8DC23-8CDC-4BE2-9731-0192C3E9144B}.Debug|Any CPU.ActiveCfg = Debug|Any CPU
		{72A8DC23-8CDC-4BE2-9731-0192C3E9144B}.Debug|Any CPU.Build.0 = Debug|Any CPU
		{72A8DC23-8CDC-4BE2-9731-0192C3E9144B}.Release|Any CPU.ActiveCfg = Release|Any CPU
		{72A8DC23-8CDC-4BE2-9731-0192C3E9144B}.Release|Any CPU.Build.0 = Release|Any CPU
	EndGlobalSection
	GlobalSection(SolutionProperties) = preSolution
		HideSolutionNode = FALSE
	EndGlobalSection
	GlobalSection(ExtensibilityGlobals) = postSolution
		SolutionGuid = {807155EE-949F-4DD8-A7A8-7B97DE6DA979}
	EndGlobalSection
EndGlobal
